
Microsoft Visual Studio Solution File, Format Version 12.00
# Visual Studio Version 17
VisualStudioVersion = 17.8.34316.72
MinimumVisualStudioVersion = 10.0.40219.1
Project("{FAE04EC0-301F-11D3-BF4B-00C04F79EFBC}") = "MLTestProject", "MLTestProject\MLTestProject.csproj", "{D9A9D453-E3DA-4A50-B1C8-1759BF07CDAD}"
EndProject
Global
	GlobalSection(SolutionConfigurationPlatforms) = preSolution
		Debug|Any CPU = Debug|Any CPU
		Release|Any CPU = Release|Any CPU
	EndGlobalSection
	GlobalSection(ProjectConfigurationPlatforms) = postSolution
		{D9A9D453-E3DA-4A50-B1C8-1759BF07CDAD}.Debug|Any CPU.ActiveCfg = Debug|Any CPU
		{D9A9D453-E3DA-4A50-B1C8-1759BF07CDAD}.Debug|Any CPU.Build.0 = Debug|Any CPU
		{D9A9D453-E3DA-4A50-B1C8-1759BF07CDAD}.Release|Any CPU.ActiveCfg = Release|Any CPU
		{D9A9D453-E3DA-4A50-B1C8-1759BF07CDAD}.Release|Any CPU.Build.0 = Release|Any CPU
	EndGlobalSection
	GlobalSection(SolutionProperties) = preSolution
		HideSolutionNode = FALSE
	EndGlobalSection
	GlobalSection(ExtensibilityGlobals) = postSolution
		SolutionGuid = {E22DC440-C399-4A93-A77C-34011C6AA900}
	EndGlobalSection
EndGlobal
